{
  "name": "bitburner-connect",
  "version": "1.0.0",
  "lockfileVersion": 3,
  "requires": true,
  "packages": {
    "": {
      "name": "bitburner-connect",
      "version": "1.0.0",
      "license": "Apache-2.0",
      "dependencies": {
        "@netfeez/common": "^4.1.0",
        "@netfeez/common-node": "^3.4.0",
        "vortez": "^6.0.0-dev.5"
      },
      "bin": {
        "bb-connect": "dist/server.js"
      },
      "devDependencies": {
        "@types/node": "^25.9.1",
        "typescript": "^6.0.3"
      }
    },
    "node_modules/@netfeez/common": {
      "version": "4.1.0",
      "resolved": "https://registry.npmjs.org/@netfeez/common/-/common-4.1.0.tgz",
      "integrity": "sha512-bzW68NoN+hED68t+xzATRnxdL6AFOk+ltWON9es47v/3OZp5RhG3MYnyweoEXMfmpKF4fgeHp4apOoGAtHY9pA==",
      "license": "Apache-2.0"
    },
    "node_modules/@netfeez/common-node": {
      "version": "3.4.0",
      "resolved": "https://registry.npmjs.org/@netfeez/common-node/-/common-node-3.4.0.tgz",
      "integrity": "sha512-3RghW26JUo9DTuEUPGsl8j7OOM0f8UexezBTKhE+RPD1BkN83q59d741IuCSdngKEJn4sWNwUHYl/55HOcfrnQ==",
      "license": "Apache-2.0"
    },
    "node_modules/@netfeez/vterm": {
      "version": "1.1.0",
      "resolved": "https://registry.npmjs.org/@netfeez/vterm/-/vterm-1.1.0.tgz",
      "integrity": "sha512-8df4/059S4hDF96RdUdHlhVyI/LYP+v5ATHvxppT00cyxeKQvGWvAEM4TLLAJIXC3Vs+5if6oeCo8xB0jU+6Gg==",
      "license": "Apache-2.0",
      "dependencies": {
        "@netfeez/common": "^2.1.0",
        "@netfeez/common-node": "^1.0.1"
      }
    },
    "node_modules/@netfeez/vterm/node_modules/@netfeez/common": {
      "version": "2.1.0",
      "resolved": "https://registry.npmjs.org/@netfeez/common/-/common-2.1.0.tgz",
      "integrity": "sha512-3QeeQ0kOgfWk7hcHoFzfMFuy1V3pOq+dfXiXR3eZVAn/6Jy9pNKGx28N/eMhnV1heykjC5tOOYWa0Js567P4Lg==",
      "license": "Apache-2.0"
    },
    "node_modules/@netfeez/vterm/node_modules/@netfeez/common-node": {
      "version": "1.0.1",
      "resolved": "https://registry.npmjs.org/@netfeez/common-node/-/common-node-1.0.1.tgz",
      "integrity": "sha512-5AA31tp/2WklYaW0krIB5GwQIFzQ/xHXAvZyo/OH/M9PXvzVXLS64Gb22geMqKDR/JpgbKUlwkJvd5w6bIq4BQ==",
      "license": "Apache-2.0"
    },
    "node_modules/@types/node": {
      "version": "25.9.1",
      "resolved": "https://registry.npmjs.org/@types/node/-/node-25.9.1.tgz",
      "integrity": "sha512-xfrlY7UD5rMJk3ZVJP8BNzS28J36YJg+xp+LPXV1TdWxr8uMH5A860QNxYDGQe/ylDSgjxE52Q9VnO7p75tJxg==",
      "dev": true,
      "license": "MIT",
      "dependencies": {
        "undici-types": ">=7.24.0 <7.24.7"
      }
    },
    "node_modules/typescript": {
      "version": "6.0.3",
      "resolved": "https://registry.npmjs.org/typescript/-/typescript-6.0.3.tgz",
      "integrity": "sha512-y2TvuxSZPDyQakkFRPZHKFm+KKVqIisdg9/CZwm9ftvKXLP8NRWj38/ODjNbr43SsoXqNuAisEf1GdCxqWcdBw==",
      "dev": true,
      "license": "Apache-2.0",
      "bin": {
        "tsc": "bin/tsc",
        "tsserver": "bin/tsserver"
      },
      "engines": {
        "node": ">=14.17"
      }
    },
    "node_modules/undici-types": {
      "version": "7.24.6",
      "resolved": "https://registry.npmjs.org/undici-types/-/undici-types-7.24.6.tgz",
      "integrity": "sha512-WRNW+sJgj5OBN4/0JpHFqtqzhpbnV0GuB+OozA9gCL7a993SmU+1JBZCzLNxYsbMfIeDL+lTsphD5jN5N+n0zg==",
      "dev": true,
      "license": "MIT"
    },
    "node_modules/vortez": {
      "version": "6.0.0-dev.5",
      "resolved": "https://registry.npmjs.org/vortez/-/vortez-6.0.0-dev.5.tgz",
      "integrity": "sha512-ZHExj88zPb4rQFmEGO2iOcSc3+xziotEkaVhDuwvmBuFTiJIimc2r1xL6xpqbyYxESk4jM7frZjKFRCAfs6r9g==",
      "license": "Apache-2.0",
      "dependencies": {
        "@netfeez/common": "^4.0.0",
        "@netfeez/common-node": "^3.1.1",
        "@netfeez/vterm": "^1.1.0"
      }
    }
  }
}
